// !$*UTF8*$!
{
	archiveVersion = 1;
	classes = {
	};
	objectVersion = 50;
	objects = {

/* Begin PBXBuildFile section */
		15AAD2C8FBE8EB6EFFED8C32 /* libPods-TestUITests.a in Frameworks */ = {isa = PBXBuildFile; fileRef = 92B69BA4FE3AF1D2217ACEEB /* libPods-TestUITests.a */; };
		BD1AAEB220FC83A7008BBFB2 /* AppDelegate.m in Sources */ = {isa = PBXBuildFile; fileRef = BD1AAEB120FC83A7008BBFB2 /* AppDelegate.m */; };
		BD1AAEB520FC83A7008BBFB2 /* ViewController.m in Sources */ = {isa = PBXBuildFile; fileRef = BD1AAEB420FC83A7008BBFB2 /* ViewController.m */; };
		BD1AAEB820FC83A7008BBFB2 /* Main.storyboard in Resources */ = {isa = PBXBuildFile; fileRef = BD1AAEB620FC83A7008BBFB2 /* Main.storyboard */; };
		BD1AAEBA20FC83A7008BBFB2 /* Assets.xcassets in Resources */ = {isa = PBXBuildFile; fileRef = BD1AAEB920FC83A7008BBFB2 /* Assets.xcassets */; };
		BD1AAEBD20FC83A7008BBFB2 /* LaunchScreen.storyboard in Resources */ = {isa = PBXBuildFile; fileRef = BD1AAEBB20FC83A7008BBFB2 /* LaunchScreen.storyboard */; };
		BD1AAEC020FC83A7008BBFB2 /* main.m in Sources */ = {isa = PBXBuildFile; fileRef = BD1AAEBF20FC83A7008BBFB2 /* main.m */; };
		BD1AAECA20FC83A8008BBFB2 /* TestTests.m in Sources */ = {isa = PBXBuildFile; fileRef = BD1AAEC920FC83A8008BBFB2 /* TestTests.m */; };
		BD1AAED520FC83A8008BBFB2 /* TestUITests.m in Sources */ = {isa = PBXBuildFile; fileRef = BD1AAED420FC83A8008BBFB2 /* TestUITests.m */; };
		BD1AAEF220FC83BF008BBFB2 /* WebService.m in Sources */ = {isa = PBXBuildFile; fileRef = BD1AAEE520FC83BF008BBFB2 /* WebService.m */; };
		BD1AAEF320FC83BF008BBFB2 /* ProgressIndicator.m in Sources */ = {isa = PBXBuildFile; fileRef = BD1AAEE820FC83BF008BBFB2 /* ProgressIndicator.m */; };
		BD1AAEF420FC83BF008BBFB2 /* Alert.m in Sources */ = {isa = PBXBuildFile; fileRef = BD1AAEEA20FC83BF008BBFB2 /* Alert.m */; };
		BD1AAEF520FC83BF008BBFB2 /* NavigationController.m in Sources */ = {isa = PBXBuildFile; fileRef = BD1AAEEE20FC83BF008BBFB2 /* NavigationController.m */; };
		BD1AAEF620FC83BF008BBFB2 /* PopupView.m in Sources */ = {isa = PBXBuildFile; fileRef = BD1AAEF020FC83BF008BBFB2 /* PopupView.m */; };
		C5B6A3AD0B156A2073CA627E /* libPods-Test.a in Frameworks */ = {isa = PBXBuildFile; fileRef = C2CA3A596E1B635325DBE24F /* libPods-Test.a */; };
		D9E590DCB477FD53E95501A7 /* libPods-TestTests.a in Frameworks */ = {isa = PBXBuildFile; fileRef = 9EC65F63CBBD965F047EDA2D /* libPods-TestTests.a */; };
/* End PBXBuildFile section */

/* Begin PBXContainerItemProxy section */
		BD1AAEC620FC83A8008BBFB2 /* PBXContainerItemProxy */ = {
			isa = PBXContainerItemProxy;
			containerPortal = BD1AAEA520FC83A6008BBFB2 /* Project object */;
			proxyType = 1;
			remoteGlobalIDString = BD1AAEAC20FC83A6008BBFB2;
			remoteInfo = Test;
		};
		BD1AAED120FC83A8008BBFB2 /* PBXContainerItemProxy */ = {
			isa = PBXContainerItemProxy;
			containerPortal = BD1AAEA520FC83A6008BBFB2 /* Project object */;
			proxyType = 1;
			remoteGlobalIDString = BD1AAEAC20FC83A6008BBFB2;
			remoteInfo = Test;
		};
/* End PBXContainerItemProxy section */

/* Begin PBXFileReference section */
		12289F21E751B146D1EAB0B4 /* Pods-TestUITests.release.xcconfig */ = {isa = PBXFileReference; includeInIndex = 1; lastKnownFileType = text.xcconfig; name = "Pods-TestUITests.release.xcconfig"; path = "Pods/Target Support Files/Pods-TestUITests/Pods-TestUITests.release.xcconfig"; sourceTree = "<group>"; };
		2A2602995C17EB3067F18A3E /* Pods-TestTests.release.xcconfig */ = {isa = PBXFileReference; includeInIndex = 1; lastKnownFileType = text.xcconfig; name = "Pods-TestTests.release.xcconfig"; path = "Pods/Target Support Files/Pods-TestTests/Pods-TestTests.release.xcconfig"; sourceTree = "<group>"; };
		40C243149D78E07DE68D68E1 /* Pods-TestUITests.debug.xcconfig */ = {isa = PBXFileReference; includeInIndex = 1; lastKnownFileType = text.xcconfig; name = "Pods-TestUITests.debug.xcconfig"; path = "Pods/Target Support Files/Pods-TestUITests/Pods-TestUITests.debug.xcconfig"; sourceTree = "<group>"; };
		448D80C821F9B42C39880109 /* Pods-Test.release.xcconfig */ = {isa = PBXFileReference; includeInIndex = 1; lastKnownFileType = text.xcconfig; name = "Pods-Test.release.xcconfig"; path = "Pods/Target Support Files/Pods-Test/Pods-Test.release.xcconfig"; sourceTree = "<group>"; };
		45AA78ED5338D1BAAE1B45D9 /* Pods-Test.debug.xcconfig */ = {isa = PBXFileReference; includeInIndex = 1; lastKnownFileType = text.xcconfig; name = "Pods-Test.debug.xcconfig"; path = "Pods/Target Support Files/Pods-Test/Pods-Test.debug.xcconfig"; sourceTree = "<group>"; };
		769C124EB8E5B1F4372C9B39 /* Pods-TestTests.debug.xcconfig */ = {isa = PBXFileReference; includeInIndex = 1; lastKnownFileType = text.xcconfig; name = "Pods-TestTests.debug.xcconfig"; path = "Pods/Target Support Files/Pods-TestTests/Pods-TestTests.debug.xcconfig"; sourceTree = "<group>"; };
		92B69BA4FE3AF1D2217ACEEB /* libPods-TestUITests.a */ = {isa = PBXFileReference; explicitFileType = archive.ar; includeInIndex = 0; path = "libPods-TestUITests.a"; sourceTree = BUILT_PRODUCTS_DIR; };
		9EC65F63CBBD965F047EDA2D /* libPods-TestTests.a */ = {isa = PBXFileReference; explicitFileType = archive.ar; includeInIndex = 0; path = "libPods-TestTests.a"; sourceTree = BUILT_PRODUCTS_DIR; };
		BD06E59820FD2CB2003A033C /* Configuration.h */ = {isa = PBXFileReference; lastKnownFileType = sourcecode.c.h; path = Configuration.h; sourceTree = "<group>"; };
		BD1AAEAD20FC83A6008BBFB2 /* Test.app */ = {isa = PBXFileReference; explicitFileType = wrapper.application; includeInIndex = 0; path = Test.app; sourceTree = BUILT_PRODUCTS_DIR; };
		BD1AAEB020FC83A6008BBFB2 /* AppDelegate.h */ = {isa = PBXFileReference; lastKnownFileType = sourcecode.c.h; path = AppDelegate.h; sourceTree = "<group>"; };
		BD1AAEB120FC83A7008BBFB2 /* AppDelegate.m */ = {isa = PBXFileReference; lastKnownFileType = sourcecode.c.objc; path = AppDelegate.m; sourceTree = "<group>"; };
		BD1AAEB320FC83A7008BBFB2 /* ViewController.h */ = {isa = PBXFileReference; lastKnownFileType = sourcecode.c.h; path = ViewController.h; sourceTree = "<group>"; };
		BD1AAEB420FC83A7008BBFB2 /* ViewController.m */ = {isa = PBXFileReference; lastKnownFileType = sourcecode.c.objc; path = ViewController.m; sourceTree = "<group>"; };
		BD1AAEB720FC83A7008BBFB2 /* Base */ = {isa = PBXFileReference; lastKnownFileType = file.storyboard; name = Base; path = Base.lproj/Main.storyboard; sourceTree = "<group>"; };
		BD1AAEB920FC83A7008BBFB2 /* Assets.xcassets */ = {isa = PBXFileReference; lastKnownFileType = folder.assetcatalog; path = Assets.xcassets; sourceTree = "<group>"; };
		BD1AAEBC20FC83A7008BBFB2 /* Base */ = {isa = PBXFileReference; lastKnownFileType = file.storyboard; name = Base; path = Base.lproj/LaunchScreen.storyboard; sourceTree = "<group>"; };
		BD1AAEBE20FC83A7008BBFB2 /* Info.plist */ = {isa = PBXFileReference; lastKnownFileType = text.plist.xml; path = Info.plist; sourceTree = "<group>"; };
		BD1AAEBF20FC83A7008BBFB2 /* main.m */ = {isa = PBXFileReference; lastKnownFileType = sourcecode.c.objc; path = main.m; sourceTree = "<group>"; };
		BD1AAEC520FC83A8008BBFB2 /* TestTests.xctest */ = {isa = PBXFileReference; explicitFileType = wrapper.cfbundle; includeInIndex = 0; path = TestTests.xctest; sourceTree = BUILT_PRODUCTS_DIR; };
		BD1AAEC920FC83A8008BBFB2 /* TestTests.m */ = {isa = PBXFileReference; lastKnownFileType = sourcecode.c.objc; path = TestTests.m; sourceTree = "<group>"; };
		BD1AAECB20FC83A8008BBFB2 /* Info.plist */ = {isa = PBXFileReference; lastKnownFileType = text.plist.xml; path = Info.plist; sourceTree = "<group>"; };
		BD1AAED020FC83A8008BBFB2 /* TestUITests.xctest */ = {isa = PBXFileReference; explicitFileType = wrapper.cfbundle; includeInIndex = 0; path = TestUITests.xctest; sourceTree = BUILT_PRODUCTS_DIR; };
		BD1AAED420FC83A8008BBFB2 /* TestUITests.m */ = {isa = PBXFileReference; lastKnownFileType = sourcecode.c.objc; path = TestUITests.m; sourceTree = "<group>"; };
		BD1AAED620FC83A8008BBFB2 /* Info.plist */ = {isa = PBXFileReference; lastKnownFileType = text.plist.xml; path = Info.plist; sourceTree = "<group>"; };
		BD1AAEE420FC83BF008BBFB2 /* WebService.h */ = {isa = PBXFileReference; fileEncoding = 4; lastKnownFileType = sourcecode.c.h; path = WebService.h; sourceTree = "<group>"; };
		BD1AAEE520FC83BF008BBFB2 /* WebService.m */ = {isa = PBXFileReference; fileEncoding = 4; lastKnownFileType = sourcecode.c.objc; path = WebService.m; sourceTree = "<group>"; };
		BD1AAEE720FC83BF008BBFB2 /* ProgressIndicator.h */ = {isa = PBXFileReference; fileEncoding = 4; lastKnownFileType = sourcecode.c.h; path = ProgressIndicator.h; sourceTree = "<group>"; };
		BD1AAEE820FC83BF008BBFB2 /* ProgressIndicator.m */ = {isa = PBXFileReference; fileEncoding = 4; lastKnownFileType = sourcecode.c.objc; path = ProgressIndicator.m; sourceTree = "<group>"; };
		BD1AAEEA20FC83BF008BBFB2 /* Alert.m */ = {isa = PBXFileReference; fileEncoding = 4; lastKnownFileType = sourcecode.c.objc; path = Alert.m; sourceTree = "<group>"; };
		BD1AAEEB20FC83BF008BBFB2 /* Alert.h */ = {isa = PBXFileReference; fileEncoding = 4; lastKnownFileType = sourcecode.c.h; path = Alert.h; sourceTree = "<group>"; };
		BD1AAEED20FC83BF008BBFB2 /* NavigationController.h */ = {isa = PBXFileReference; fileEncoding = 4; lastKnownFileType = sourcecode.c.h; path = NavigationController.h; sourceTree = "<group>"; };
		BD1AAEEE20FC83BF008BBFB2 /* NavigationController.m */ = {isa = PBXFileReference; fileEncoding = 4; lastKnownFileType = sourcecode.c.objc; path = NavigationController.m; sourceTree = "<group>"; };
		BD1AAEF020FC83BF008BBFB2 /* PopupView.m */ = {isa = PBXFileReference; fileEncoding = 4; lastKnownFileType = sourcecode.c.objc; path = PopupView.m; sourceTree = "<group>"; };
		BD1AAEF120FC83BF008BBFB2 /* PopupView.h */ = {isa = PBXFileReference; fileEncoding = 4; lastKnownFileType = sourcecode.c.h; path = PopupView.h; sourceTree = "<group>"; };
		C2CA3A596E1B635325DBE24F /* libPods-Test.a */ = {isa = PBXFileReference; explicitFileType = archive.ar; includeInIndex = 0; path = "libPods-Test.a"; sourceTree = BUILT_PRODUCTS_DIR; };
/* End PBXFileReference section */

/* Begin PBXFrameworksBuildPhase section */
		BD1AAEAA20FC83A6008BBFB2 /* Frameworks */ = {
			isa = PBXFrameworksBuildPhase;
			buildActionMask = 2147483647;
			files = (
				C5B6A3AD0B156A2073CA627E /* libPods-Test.a in Frameworks */,
			);
			runOnlyForDeploymentPostprocessing = 0;
		};
		BD1AAEC220FC83A8008BBFB2 /* Frameworks */ = {
			isa = PBXFrameworksBuildPhase;
			buildActionMask = 2147483647;
			files = (
				D9E590DCB477FD53E95501A7 /* libPods-TestTests.a in Frameworks */,
			);
			runOnlyForDeploymentPostprocessing = 0;
		};
		BD1AAECD20FC83A8008BBFB2 /* Frameworks */ = {
			isa = PBXFrameworksBuildPhase;
			buildActionMask = 2147483647;
			files = (
				15AAD2C8FBE8EB6EFFED8C32 /* libPods-TestUITests.a in Frameworks */,
			);
			runOnlyForDeploymentPostprocessing = 0;
		};
/* End PBXFrameworksBuildPhase section */

/* Begin PBXGroup section */
		6171BC2B020174EE2B056C33 /* Frameworks */ = {
			isa = PBXGroup;
			children = (
				C2CA3A596E1B635325DBE24F /* libPods-Test.a */,
				9EC65F63CBBD965F047EDA2D /* libPods-TestTests.a */,
				92B69BA4FE3AF1D2217ACEEB /* libPods-TestUITests.a */,
			);
			name = Frameworks;
			sourceTree = "<group>";
		};
		BD06E59720FD2C9E003A033C /* Header */ = {
			isa = PBXGroup;
			children = (
				BD06E59820FD2CB2003A033C /* Configuration.h */,
			);
			path = Header;
			sourceTree = "<group>";
		};
		BD1AAEA420FC83A6008BBFB2 = {
			isa = PBXGroup;
			children = (
				BD1AAEAF20FC83A6008BBFB2 /* Test */,
				BD1AAEC820FC83A8008BBFB2 /* TestTests */,
				BD1AAED320FC83A8008BBFB2 /* TestUITests */,
				BD1AAEAE20FC83A6008BBFB2 /* Products */,
				F4E828103EF4BF2D39264365 /* Pods */,
				6171BC2B020174EE2B056C33 /* Frameworks */,
			);
			sourceTree = "<group>";
		};
		BD1AAEAE20FC83A6008BBFB2 /* Products */ = {
			isa = PBXGroup;
			children = (
				BD1AAEAD20FC83A6008BBFB2 /* Test.app */,
				BD1AAEC520FC83A8008BBFB2 /* TestTests.xctest */,
				BD1AAED020FC83A8008BBFB2 /* TestUITests.xctest */,
			);
			name = Products;
			sourceTree = "<group>";
		};
		BD1AAEAF20FC83A6008BBFB2 /* Test */ = {
			isa = PBXGroup;
			children = (
				BD1AAEE220FC83BF008BBFB2 /* Others */,
				BD1AAEEF20FC83BF008BBFB2 /* PopupView */,
				BD1AAEB020FC83A6008BBFB2 /* AppDelegate.h */,
				BD1AAEB120FC83A7008BBFB2 /* AppDelegate.m */,
				BD1AAEB320FC83A7008BBFB2 /* ViewController.h */,
				BD1AAEB420FC83A7008BBFB2 /* ViewController.m */,
				BD1AAEB620FC83A7008BBFB2 /* Main.storyboard */,
				BD1AAEB920FC83A7008BBFB2 /* Assets.xcassets */,
				BD1AAEBB20FC83A7008BBFB2 /* LaunchScreen.storyboard */,
				BD1AAEBE20FC83A7008BBFB2 /* Info.plist */,
				BD1AAEBF20FC83A7008BBFB2 /* main.m */,
			);
			path = Test;
			sourceTree = "<group>";
		};
		BD1AAEC820FC83A8008BBFB2 /* TestTests */ = {
			isa = PBXGroup;
			children = (
				BD1AAEC920FC83A8008BBFB2 /* TestTests.m */,
				BD1AAECB20FC83A8008BBFB2 /* Info.plist */,
			);
			path = TestTests;
			sourceTree = "<group>";
		};
		BD1AAED320FC83A8008BBFB2 /* TestUITests */ = {
			isa = PBXGroup;
			children = (
				BD1AAED420FC83A8008BBFB2 /* TestUITests.m */,
				BD1AAED620FC83A8008BBFB2 /* Info.plist */,
			);
			path = TestUITests;
			sourceTree = "<group>";
		};
		BD1AAEE220FC83BF008BBFB2 /* Others */ = {
			isa = PBXGroup;
			children = (
				BD06E59720FD2C9E003A033C /* Header */,
				BD1AAEE320FC83BF008BBFB2 /* APIs */,
				BD1AAEE620FC83BF008BBFB2 /* ProgressIndicator */,
				BD1AAEE920FC83BF008BBFB2 /* Alert */,
				BD1AAEEC20FC83BF008BBFB2 /* Navigation Controller */,
			);
			path = Others;
			sourceTree = "<group>";
		};
		BD1AAEE320FC83BF008BBFB2 /* APIs */ = {
			isa = PBXGroup;
			children = (
				BD1AAEE420FC83BF008BBFB2 /* WebService.h */,
				BD1AAEE520FC83BF008BBFB2 /* WebService.m */,
			);
			path = APIs;
			sourceTree = "<group>";
		};
		BD1AAEE620FC83BF008BBFB2 /* ProgressIndicator */ = {
			isa = PBXGroup;
			children = (
				BD1AAEE720FC83BF008BBFB2 /* ProgressIndicator.h */,
				BD1AAEE820FC83BF008BBFB2 /* ProgressIndicator.m */,
			);
			path = ProgressIndicator;
			sourceTree = "<group>";
		};
		BD1AAEE920FC83BF008BBFB2 /* Alert */ = {
			isa = PBXGroup;
			children = (
				BD1AAEEA20FC83BF008BBFB2 /* Alert.m */,
				BD1AAEEB20FC83BF008BBFB2 /* Alert.h */,
			);
			path = Alert;
			sourceTree = "<group>";
		};
		BD1AAEEC20FC83BF008BBFB2 /* Navigation Controller */ = {
			isa = PBXGroup;
			children = (
				BD1AAEED20FC83BF008BBFB2 /* NavigationController.h */,
				BD1AAEEE20FC83BF008BBFB2 /* NavigationController.m */,
			);
			path = "Navigation Controller";
			sourceTree = "<group>";
		};
		BD1AAEEF20FC83BF008BBFB2 /* PopupView */ = {
			isa = PBXGroup;
			children = (
				BD1AAEF020FC83BF008BBFB2 /* PopupView.m */,
				BD1AAEF120FC83BF008BBFB2 /* PopupView.h */,
			);
			path = PopupView;
			sourceTree = "<group>";
		};
		F4E828103EF4BF2D39264365 /* Pods */ = {
			isa = PBXGroup;
			children = (
				45AA78ED5338D1BAAE1B45D9 /* Pods-Test.debug.xcconfig */,
				448D80C821F9B42C39880109 /* Pods-Test.release.xcconfig */,
				769C124EB8E5B1F4372C9B39 /* Pods-TestTests.debug.xcconfig */,
				2A2602995C17EB3067F18A3E /* Pods-TestTests.release.xcconfig */,
				40C243149D78E07DE68D68E1 /* Pods-TestUITests.debug.xcconfig */,
				12289F21E751B146D1EAB0B4 /* Pods-TestUITests.release.xcconfig */,
			);
			name = Pods;
			sourceTree = "<group>";
		};
/* End PBXGroup section */

/* Begin PBXNativeTarget section */
		BD1AAEAC20FC83A6008BBFB2 /* Test */ = {
			isa = PBXNativeTarget;
			buildConfigurationList = BD1AAED920FC83A8008BBFB2 /* Build configuration list for PBXNativeTarget "Test" */;
			buildPhases = (
				38B572DA3CA15121C3A830E3 /* [CP] Check Pods Manifest.lock */,
				BD1AAEA920FC83A6008BBFB2 /* Sources */,
				BD1AAEAA20FC83A6008BBFB2 /* Frameworks */,
				BD1AAEAB20FC83A6008BBFB2 /* Resources */,
			);
			buildRules = (
			);
			dependencies = (
			);
			name = Test;
			productName = Test;
			productReference = BD1AAEAD20FC83A6008BBFB2 /* Test.app */;
			productType = "com.apple.product-type.application";
		};
		BD1AAEC420FC83A8008BBFB2 /* TestTests */ = {
			isa = PBXNativeTarget;
			buildConfigurationList = BD1AAEDC20FC83A8008BBFB2 /* Build configuration list for PBXNativeTarget "TestTests" */;
			buildPhases = (
				944A3EDFE1BE2FFD7F16AA6B /* [CP] Check Pods Manifest.lock */,
				BD1AAEC120FC83A8008BBFB2 /* Sources */,
				BD1AAEC220FC83A8008BBFB2 /* Frameworks */,
				BD1AAEC320FC83A8008BBFB2 /* Resources */,
			);
			buildRules = (
			);
			dependencies = (
				BD1AAEC720FC83A8008BBFB2 /* PBXTargetDependency */,
			);
			name = TestTests;
			productName = TestTests;
			productReference = BD1AAEC520FC83A8008BBFB2 /* TestTests.xctest */;
			productType = "com.apple.product-type.bundle.unit-test";
		};
		BD1AAECF20FC83A8008BBFB2 /* TestUITests */ = {
			isa = PBXNativeTarget;
			buildConfigurationList = BD1AAEDF20FC83A8008BBFB2 /* Build configuration list for PBXNativeTarget "TestUITests" */;
			buildPhases = (
				39BDE550779EB168AD132E01 /* [CP] Check Pods Manifest.lock */,
				BD1AAECC20FC83A8008BBFB2 /* Sources */,
				BD1AAECD20FC83A8008BBFB2 /* Frameworks */,
				BD1AAECE20FC83A8008BBFB2 /* Resources */,
			);
			buildRules = (
			);
			dependencies = (
				BD1AAED220FC83A8008BBFB2 /* PBXTargetDependency */,
			);
			name = TestUITests;
			productName = TestUITests;
			productReference = BD1AAED020FC83A8008BBFB2 /* TestUITests.xctest */;
			productType = "com.apple.product-type.bundle.ui-testing";
		};
/* End PBXNativeTarget section */

/* Begin PBXProject section */
		BD1AAEA520FC83A6008BBFB2 /* Project object */ = {
			isa = PBXProject;
			attributes = {
				LastUpgradeCheck = 1000;
				ORGANIZATIONNAME = Ilmasoft;
				TargetAttributes = {
					BD1AAEAC20FC83A6008BBFB2 = {
						CreatedOnToolsVersion = 10.0;
					};
					BD1AAEC420FC83A8008BBFB2 = {
						CreatedOnToolsVersion = 10.0;
						TestTargetID = BD1AAEAC20FC83A6008BBFB2;
					};
					BD1AAECF20FC83A8008BBFB2 = {
						CreatedOnToolsVersion = 10.0;
						TestTargetID = BD1AAEAC20FC83A6008BBFB2;
					};
				};
			};
			buildConfigurationList = BD1AAEA820FC83A6008BBFB2 /* Build configuration list for PBXProject "Test" */;
			compatibilityVersion = "Xcode 9.3";
			developmentRegion = en;
			hasScannedForEncodings = 0;
			knownRegions = (
				en,
				Base,
			);
			mainGroup = BD1AAEA420FC83A6008BBFB2;
			productRefGroup = BD1AAEAE20FC83A6008BBFB2 /* Products */;
			projectDirPath = "";
			projectRoot = "";
			targets = (
				BD1AAEAC20FC83A6008BBFB2 /* Test */,
				BD1AAEC420FC83A8008BBFB2 /* TestTests */,
				BD1AAECF20FC83A8008BBFB2 /* TestUITests */,
			);
		};
/* End PBXProject section */

/* Begin PBXResourcesBuildPhase section */
		BD1AAEAB20FC83A6008BBFB2 /* Resources */ = {
			isa = PBXResourcesBuildPhase;
			buildActionMask = 2147483647;
			files = (
				BD1AAEBD20FC83A7008BBFB2 /* LaunchScreen.storyboard in Resources */,
				BD1AAEBA20FC83A7008BBFB2 /* Assets.xcassets in Resources */,
				BD1AAEB820FC83A7008BBFB2 /* Main.storyboard in Resources */,
			);
			runOnlyForDeploymentPostprocessing = 0;
		};
		BD1AAEC320FC83A8008BBFB2 /* Resources */ = {
			isa = PBXResourcesBuildPhase;
			buildActionMask = 2147483647;
			files = (
			);
			runOnlyForDeploymentPostprocessing = 0;
		};
		BD1AAECE20FC83A8008BBFB2 /* Resources */ = {
			isa = PBXResourcesBuildPhase;
			buildActionMask = 2147483647;
			files = (
			);
			runOnlyForDeploymentPostprocessing = 0;
		};
/* End PBXResourcesBuildPhase section */

/* Begin PBXShellScriptBuildPhase section */
		38B572DA3CA15121C3A830E3 /* [CP] Check Pods Manifest.lock */ = {
			isa = PBXShellScriptBuildPhase;
			buildActionMask = 2147483647;
			files = (
			);
			inputPaths = (
				"${PODS_PODFILE_DIR_PATH}/Podfile.lock",
				"${PODS_ROOT}/Manifest.lock",
			);
			name = "[CP] Check Pods Manifest.lock";
			outputPaths = (
				"$(DERIVED_FILE_DIR)/Pods-Test-checkManifestLockResult.txt",
			);
			runOnlyForDeploymentPostprocessing = 0;
			shellPath = /bin/sh;
			shellScript = "diff \"${PODS_PODFILE_DIR_PATH}/Podfile.lock\" \"${PODS_ROOT}/Manifest.lock\" > /dev/null\nif [ $? != 0 ] ; then\n    # print error to STDERR\n    echo \"error: The sandbox is not in sync with the Podfile.lock. Run 'pod install' or update your CocoaPods installation.\" >&2\n    exit 1\nfi\n# This output is used by Xcode 'outputs' to avoid re-running this script phase.\necho \"SUCCESS\" > \"${SCRIPT_OUTPUT_FILE_0}\"\n";
			showEnvVarsInLog = 0;
		};
		39BDE550779EB168AD132E01 /* [CP] Check Pods Manifest.lock */ = {
			isa = PBXShellScriptBuildPhase;
			buildActionMask = 2147483647;
			files = (
			);
			inputPaths = (
				"${PODS_PODFILE_DIR_PATH}/Podfile.lock",
				"${PODS_ROOT}/Manifest.lock",
			);
			name = "[CP] Check Pods Manifest.lock";
			outputPaths = (
				"$(DERIVED_FILE_DIR)/Pods-TestUITests-checkManifestLockResult.txt",
			);
			runOnlyForDeploymentPostprocessing = 0;
			shellPath = /bin/sh;
			shellScript = "diff \"${PODS_PODFILE_DIR_PATH}/Podfile.lock\" \"${PODS_ROOT}/Manifest.lock\" > /dev/null\nif [ $? != 0 ] ; then\n    # print error to STDERR\n    echo \"error: The sandbox is not in sync with the Podfile.lock. Run 'pod install' or update your CocoaPods installation.\" >&2\n    exit 1\nfi\n# This output is used by Xcode 'outputs' to avoid re-running this script phase.\necho \"SUCCESS\" > \"${SCRIPT_OUTPUT_FILE_0}\"\n";
			showEnvVarsInLog = 0;
		};
		944A3EDFE1BE2FFD7F16AA6B /* [CP] Check Pods Manifest.lock */ = {
			isa = PBXShellScriptBuildPhase;
			buildActionMask = 2147483647;
			files = (
			);
			inputPaths = (
				"${PODS_PODFILE_DIR_PATH}/Podfile.lock",
				"${PODS_ROOT}/Manifest.lock",
			);
			name = "[CP] Check Pods Manifest.lock";
			outputPaths = (
				"$(DERIVED_FILE_DIR)/Pods-TestTests-checkManifestLockResult.txt",
			);
			runOnlyForDeploymentPostprocessing = 0;
			shellPath = /bin/sh;
			shellScript = "diff \"${PODS_PODFILE_DIR_PATH}/Podfile.lock\" \"${PODS_ROOT}/Manifest.lock\" > /dev/null\nif [ $? != 0 ] ; then\n    # print error to STDERR\n    echo \"error: The sandbox is not in sync with the Podfile.lock. Run 'pod install' or update your CocoaPods installation.\" >&2\n    exit 1\nfi\n# This output is used by Xcode 'outputs' to avoid re-running this script phase.\necho \"SUCCESS\" > \"${SCRIPT_OUTPUT_FILE_0}\"\n";
			showEnvVarsInLog = 0;
		};
/* End PBXShellScriptBuildPhase section */

/* Begin PBXSourcesBuildPhase section */
		BD1AAEA920FC83A6008BBFB2 /* Sources */ = {
			isa = PBXSourcesBuildPhase;
			buildActionMask = 2147483647;
			files = (
				BD1AAEF420FC83BF008BBFB2 /* Alert.m in Sources */,
				BD1AAEB520FC83A7008BBFB2 /* ViewController.m in Sources */,
				BD1AAEC020FC83A7008BBFB2 /* main.m in Sources */,
				BD1AAEF220FC83BF008BBFB2 /* WebService.m in Sources */,
				BD1AAEF320FC83BF008BBFB2 /* ProgressIndicator.m in Sources */,
				BD1AAEF620FC83BF008BBFB2 /* PopupView.m in Sources */,
				BD1AAEB220FC83A7008BBFB2 /* AppDelegate.m in Sources */,
				BD1AAEF520FC83BF008BBFB2 /* NavigationController.m in Sources */,
			);
			runOnlyForDeploymentPostprocessing = 0;
		};
		BD1AAEC120FC83A8008BBFB2 /* Sources */ = {
			isa = PBXSourcesBuildPhase;
			buildActionMask = 2147483647;
			files = (
				BD1AAECA20FC83A8008BBFB2 /* TestTests.m in Sources */,
			);
			runOnlyForDeploymentPostprocessing = 0;
		};
		BD1AAECC20FC83A8008BBFB2 /* Sources */ = {
			isa = PBXSourcesBuildPhase;
			buildActionMask = 2147483647;
			files = (
				BD1AAED520FC83A8008BBFB2 /* TestUITests.m in Sources */,
			);
			runOnlyForDeploymentPostprocessing = 0;
		};
/* End PBXSourcesBuildPhase section */

/* Begin PBXTargetDependency section */
		BD1AAEC720FC83A8008BBFB2 /* PBXTargetDependency */ = {
			isa = PBXTargetDependency;
			target = BD1AAEAC20FC83A6008BBFB2 /* Test */;
			targetProxy = BD1AAEC620FC83A8008BBFB2 /* PBXContainerItemProxy */;
		};
		BD1AAED220FC83A8008BBFB2 /* PBXTargetDependency */ = {
			isa = PBXTargetDependency;
			target = BD1AAEAC20FC83A6008BBFB2 /* Test */;
			targetProxy = BD1AAED120FC83A8008BBFB2 /* PBXContainerItemProxy */;
		};
/* End PBXTargetDependency section */

/* Begin PBXVariantGroup section */
		BD1AAEB620FC83A7008BBFB2 /* Main.storyboard */ = {
			isa = PBXVariantGroup;
			children = (
				BD1AAEB720FC83A7008BBFB2 /* Base */,
			);
			name = Main.storyboard;
			sourceTree = "<group>";
		};
		BD1AAEBB20FC83A7008BBFB2 /* LaunchScreen.storyboard */ = {
			isa = PBXVariantGroup;
			children = (
				BD1AAEBC20FC83A7008BBFB2 /* Base */,
			);
			name = LaunchScreen.storyboard;
			sourceTree = "<group>";
		};
/* End PBXVariantGroup section */

/* Begin XCBuildConfiguration section */
		BD1AAED720FC83A8008BBFB2 /* Debug */ = {
			isa = XCBuildConfiguration;
			buildSettings = {
				ALWAYS_SEARCH_USER_PATHS = NO;
				CLANG_ANALYZER_NONNULL = YES;
				CLANG_ANALYZER_NUMBER_OBJECT_CONVERSION = YES_AGGRESSIVE;
				CLANG_CXX_LANGUAGE_STANDARD = "gnu++14";
				CLANG_CXX_LIBRARY = "libc++";
				CLANG_ENABLE_MODULES = YES;
				CLANG_ENABLE_OBJC_ARC = YES;
				CLANG_ENABLE_OBJC_WEAK = YES;
				CLANG_WARN_BLOCK_CAPTURE_AUTORELEASING = YES;
				CLANG_WARN_BOOL_CONVERSION = YES;
				CLANG_WARN_COMMA = YES;
				CLANG_WARN_CONSTANT_CONVERSION = YES;
				CLANG_WARN_DEPRECATED_OBJC_IMPLEMENTATIONS = YES;
				CLANG_WARN_DIRECT_OBJC_ISA_USAGE = YES_ERROR;
				CLANG_WARN_DOCUMENTATION_COMMENTS = YES;
				CLANG_WARN_EMPTY_BODY = YES;
				CLANG_WARN_ENUM_CONVERSION = YES;
				CLANG_WARN_INFINITE_RECURSION = YES;
				CLANG_WARN_INT_CONVERSION = YES;
				CLANG_WARN_NON_LITERAL_NULL_CONVERSION = YES;
				CLANG_WARN_OBJC_IMPLICIT_RETAIN_SELF = YES;
				CLANG_WARN_OBJC_LITERAL_CONVERSION = YES;
				CLANG_WARN_OBJC_ROOT_CLASS = YES_ERROR;
				CLANG_WARN_RANGE_LOOP_ANALYSIS = YES;
				CLANG_WARN_STRICT_PROTOTYPES = YES;
				CLANG_WARN_SUSPICIOUS_MOVE = YES;
				CLANG_WARN_UNGUARDED_AVAILABILITY = YES_AGGRESSIVE;
				CLANG_WARN_UNREACHABLE_CODE = YES;
				CLANG_WARN__DUPLICATE_METHOD_MATCH = YES;
				CODE_SIGN_IDENTITY = "iPhone Developer";
				COPY_PHASE_STRIP = NO;
				DEBUG_INFORMATION_FORMAT = dwarf;
				ENABLE_STRICT_OBJC_MSGSEND = YES;
				ENABLE_TESTABILITY = YES;
				GCC_C_LANGUAGE_STANDARD = gnu11;
				GCC_DYNAMIC_NO_PIC = NO;
				GCC_NO_COMMON_BLOCKS = YES;
				GCC_OPTIMIZATION_LEVEL = 0;
				GCC_PREPROCESSOR_DEFINITIONS = (
					"DEBUG=1",
					"$(inherited)",
				);
				GCC_WARN_64_TO_32_BIT_CONVERSION = YES;
				GCC_WARN_ABOUT_RETURN_TYPE = YES_ERROR;
				GCC_WARN_UNDECLARED_SELECTOR = YES;
				GCC_WARN_UNINITIALIZED_AUTOS = YES_AGGRESSIVE;
				GCC_WARN_UNUSED_FUNCTION = YES;
				GCC_WARN_UNUSED_VARIABLE = YES;
				IPHONEOS_DEPLOYMENT_TARGET = 12.0;
				MTL_ENABLE_DEBUG_INFO = INCLUDE_SOURCE;
				MTL_FAST_MATH = YES;
				ONLY_ACTIVE_ARCH = YES;
				SDKROOT = iphoneos;
			};
			name = Debug;
		};
		BD1AAED820FC83A8008BBFB2 /* Release */ = {
			isa = XCBuildConfiguration;
			buildSettings = {
				ALWAYS_SEARCH_USER_PATHS = NO;
				CLANG_ANALYZER_NONNULL = YES;
				CLANG_ANALYZER_NUMBER_OBJECT_CONVERSION = YES_AGGRESSIVE;
				CLANG_CXX_LANGUAGE_STANDARD = "gnu++14";
				CLANG_CXX_LIBRARY = "libc++";
				CLANG_ENABLE_MODULES = YES;
				CLANG_ENABLE_OBJC_ARC = YES;
				CLANG_ENABLE_OBJC_WEAK = YES;
				CLANG_WARN_BLOCK_CAPTURE_AUTORELEASING = YES;
				CLANG_WARN_BOOL_CONVERSION = YES;
				CLANG_WARN_COMMA = YES;
				CLANG_WARN_CONSTANT_CONVERSION = YES;
				CLANG_WARN_DEPRECATED_OBJC_IMPLEMENTATIONS = YES;
				CLANG_WARN_DIRECT_OBJC_ISA_USAGE = YES_ERROR;
				CLANG_WARN_DOCUMENTATION_COMMENTS = YES;
				CLANG_WARN_EMPTY_BODY = YES;
				CLANG_WARN_ENUM_CONVERSION = YES;
				CLANG_WARN_INFINITE_RECURSION = YES;
				CLANG_WARN_INT_CONVERSION = YES;
				CLANG_WARN_NON_LITERAL_NULL_CONVERSION = YES;
				CLANG_WARN_OBJC_IMPLICIT_RETAIN_SELF = YES;
				CLANG_WARN_OBJC_LITERAL_CONVERSION = YES;
				CLANG_WARN_OBJC_ROOT_CLASS = YES_ERROR;
				CLANG_WARN_RANGE_LOOP_ANALYSIS = YES;
				CLANG_WARN_STRICT_PROTOTYPES = YES;
				CLANG_WARN_SUSPICIOUS_MOVE = YES;
				CLANG_WARN_UNGUARDED_AVAILABILITY = YES_AGGRESSIVE;
				CLANG_WARN_UNREACHABLE_CODE = YES;
				CLANG_WARN__DUPLICATE_METHOD_MATCH = YES;
				CODE_SIGN_IDENTITY = "iPhone Developer";
				COPY_PHASE_STRIP = NO;
				DEBUG_INFORMATION_FORMAT = "dwarf-with-dsym";
				ENABLE_NS_ASSERTIONS = NO;
				ENABLE_STRICT_OBJC_MSGSEND = YES;
				GCC_C_LANGUAGE_STANDARD = gnu11;
				GCC_NO_COMMON_BLOCKS = YES;
				GCC_WARN_64_TO_32_BIT_CONVERSION = YES;
				GCC_WARN_ABOUT_RETURN_TYPE = YES_ERROR;
				GCC_WARN_UNDECLARED_SELECTOR = YES;
				GCC_WARN_UNINITIALIZED_AUTOS = YES_AGGRESSIVE;
				GCC_WARN_UNUSED_FUNCTION = YES;
				GCC_WARN_UNUSED_VARIABLE = YES;
				IPHONEOS_DEPLOYMENT_TARGET = 12.0;
				MTL_ENABLE_DEBUG_INFO = NO;
				MTL_FAST_MATH = YES;
				SDKROOT = iphoneos;
				VALIDATE_PRODUCT = YES;
			};
			name = Release;
		};
		BD1AAEDA20FC83A8008BBFB2 /* Debug */ = {
			isa = XCBuildConfiguration;
			baseConfigurationReference = 45AA78ED5338D1BAAE1B45D9 /* Pods-Test.debug.xcconfig */;
			buildSettings = {
				ASSETCATALOG_COMPILER_APPICON_NAME = AppIcon;
				CODE_SIGN_STYLE = Automatic;
				DEVELOPMENT_TEAM = 7A9C8867R9;
				INFOPLIST_FILE = Test/Info.plist;
				LD_RUNPATH_SEARCH_PATHS = (
					"$(inherited)",
					"@executable_path/Frameworks",
				);
				PRODUCT_BUNDLE_IDENTIFIER = com.ilmasoft.Test;
				PRODUCT_NAME = "$(TARGET_NAME)";
				TARGETED_DEVICE_FAMILY = "1,2";
			};
			name = Debug;
		};
		BD1AAEDB20FC83A8008BBFB2 /* Release */ = {
			isa = XCBuildConfiguration;
			baseConfigurationReference = 448D80C821F9B42C39880109 /* Pods-Test.release.xcconfig */;
			buildSettings = {
				ASSETCATALOG_COMPILER_APPICON_NAME = AppIcon;
				CODE_SIGN_STYLE = Automatic;
				DEVELOPMENT_TEAM = 7A9C8867R9;
				INFOPLIST_FILE = Test/Info.plist;
				LD_RUNPATH_SEARCH_PATHS = (
					"$(inherited)",
					"@executable_path/Frameworks",
				);
				PRODUCT_BUNDLE_IDENTIFIER = com.ilmasoft.Test;
				PRODUCT_NAME = "$(TARGET_NAME)";
				TARGETED_DEVICE_FAMILY = "1,2";
			};
			name = Release;
		};
		BD1AAEDD20FC83A8008BBFB2 /* Debug */ = {
			isa = XCBuildConfiguration;
			baseConfigurationReference = 769C124EB8E5B1F4372C9B39 /* Pods-TestTests.debug.xcconfig */;
			buildSettings = {
				BUNDLE_LOADER = "$(TEST_HOST)";
				CODE_SIGN_STYLE = Automatic;
				DEVELOPMENT_TEAM = 7A9C8867R9;
				INFOPLIST_FILE = TestTests/Info.plist;
				LD_RUNPATH_SEARCH_PATHS = (
					"$(inherited)",
					"@executable_path/Frameworks",
					"@loader_path/Frameworks",
				);
				PRODUCT_BUNDLE_IDENTIFIER = com.ilmasoft.TestTests;
				PRODUCT_NAME = "$(TARGET_NAME)";
				TARGETED_DEVICE_FAMILY = "1,2";
				TEST_HOST = "$(BUILT_PRODUCTS_DIR)/Test.app/Test";
			};
			name = Debug;
		};
		BD1AAEDE20FC83A8008BBFB2 /* Release */ = {
			isa = XCBuildConfiguration;
			baseConfigurationReference = 2A2602995C17EB3067F18A3E /* Pods-TestTests.release.xcconfig */;
			buildSettings = {
				BUNDLE_LOADER = "$(TEST_HOST)";
				CODE_SIGN_STYLE = Automatic;
				DEVELOPMENT_TEAM = 7A9C8867R9;
				INFOPLIST_FILE = TestTests/Info.plist;
				LD_RUNPATH_SEARCH_PATHS = (
					"$(inherited)",
					"@executable_path/Frameworks",
					"@loader_path/Frameworks",
				);
				PRODUCT_BUNDLE_IDENTIFIER = com.ilmasoft.TestTests;
				PRODUCT_NAME = "$(TARGET_NAME)";
				TARGETED_DEVICE_FAMILY = "1,2";
				TEST_HOST = "$(BUILT_PRODUCTS_DIR)/Test.app/Test";
			};
			name = Release;
		};
		BD1AAEE020FC83A8008BBFB2 /* Debug */ = {
			isa = XCBuildConfiguration;
			baseConfigurationReference = 40C243149D78E07DE68D68E1 /* Pods-TestUITests.debug.xcconfig */;
			buildSettings = {
				CODE_SIGN_STYLE = Automatic;
				DEVELOPMENT_TEAM = 7A9C8867R9;
				INFOPLIST_FILE = TestUITests/Info.plist;
				LD_RUNPATH_SEARCH_PATHS = (
					"$(inherited)",
					"@executable_path/Frameworks",
					"@loader_path/Frameworks",
				);
				PRODUCT_BUNDLE_IDENTIFIER = com.ilmasoft.TestUITests;
				PRODUCT_NAME = "$(TARGET_NAME)";
				TARGETED_DEVICE_FAMILY = "1,2";
				TEST_TARGET_NAME = Test;
			};
			name = Debug;
		};
		BD1AAEE120FC83A8008BBFB2 /* Release */ = {
			isa = XCBuildConfiguration;
			baseConfigurationReference = 12289F21E751B146D1EAB0B4 /* Pods-TestUITests.release.xcconfig */;
			buildSettings = {
				CODE_SIGN_STYLE = Automatic;
				DEVELOPMENT_TEAM = 7A9C8867R9;
				INFOPLIST_FILE = TestUITests/Info.plist;
				LD_RUNPATH_SEARCH_PATHS = (
					"$(inherited)",
					"@executable_path/Frameworks",
					"@loader_path/Frameworks",
				);
				PRODUCT_BUNDLE_IDENTIFIER = com.ilmasoft.TestUITests;
				PRODUCT_NAME = "$(TARGET_NAME)";
				TARGETED_DEVICE_FAMILY = "1,2";
				TEST_TARGET_NAME = Test;
			};
			name = Release;
		};
/* End XCBuildConfiguration section */

/* Begin XCConfigurationList section */
		BD1AAEA820FC83A6008BBFB2 /* Build configuration list for PBXProject "Test" */ = {
			isa = XCConfigurationList;
			buildConfigurations = (
				BD1AAED720FC83A8008BBFB2 /* Debug */,
				BD1AAED820FC83A8008BBFB2 /* Release */,
			);
			defaultConfigurationIsVisible = 0;
			defaultConfigurationName = Release;
		};
		BD1AAED920FC83A8008BBFB2 /* Build configuration list for PBXNativeTarget "Test" */ = {
			isa = XCConfigurationList;
			buildConfigurations = (
				BD1AAEDA20FC83A8008BBFB2 /* Debug */,
				BD1AAEDB20FC83A8008BBFB2 /* Release */,
			);
			defaultConfigurationIsVisible = 0;
			defaultConfigurationName = Release;
		};
		BD1AAEDC20FC83A8008BBFB2 /* Build configuration list for PBXNativeTarget "TestTests" */ = {
			isa = XCConfigurationList;
			buildConfigurations = (
				BD1AAEDD20FC83A8008BBFB2 /* Debug */,
				BD1AAEDE20FC83A8008BBFB2 /* Release */,
			);
			defaultConfigurationIsVisible = 0;
			defaultConfigurationName = Release;
		};
		BD1AAEDF20FC83A8008BBFB2 /* Build configuration list for PBXNativeTarget "TestUITests" */ = {
			isa = XCConfigurationList;
			buildConfigurations = (
				BD1AAEE020FC83A8008BBFB2 /* Debug */,
				BD1AAEE120FC83A8008BBFB2 /* Release */,
			);
			defaultConfigurationIsVisible = 0;
			defaultConfigurationName = Release;
		};
/* End XCConfigurationList section */
	};
	rootObject = BD1AAEA520FC83A6008BBFB2 /* Project object */;
}
